
Microsoft Visual Studio Solution File, Format Version 12.00
# Visual Studio Version 17
VisualStudioVersion = 17.5.33516.290
MinimumVisualStudioVersion = 10.0.40219.1
Project("{FAE04EC0-301F-11D3-BF4B-00C04F79EFBC}") = "MedEase.API", "MedEase.API\MedEase.API.csproj", "{17F5795A-6583-43DA-B4F5-1E583030209F}"
EndProject
Project("{FAE04EC0-301F-11D3-BF4B-00C04F79EFBC}") = "MedEase.Core", "MedEase.Core\MedEase.Core.csproj", "{4180BF81-8975-4A13-9D15-4BE21374BC8F}"
EndProject
Project("{FAE04EC0-301F-11D3-BF4B-00C04F79EFBC}") = "MedEase.EF", "MedEase.EF\MedEase.EF.csproj", "{105FFE61-D16E-43F3-9E76-532AEA9A6A29}"
EndProject
Global
	GlobalSection(SolutionConfigurationPlatforms) = preSolution
		Debug|Any CPU = Debug|Any CPU
		Release|Any CPU = Release|Any CPU
	EndGlobalSection
	GlobalSection(ProjectConfigurationPlatforms) = postSolution
		{17F5795A-6583-43DA-B4F5-1E583030209F}.Debug|Any CPU.ActiveCfg = Debug|Any CPU
		{17F5795A-6583-43DA-B4F5-1E583030209F}.Debug|Any CPU.Build.0 = Debug|Any CPU
		{17F5795A-6583-43DA-B4F5-1E583030209F}.Release|Any CPU.ActiveCfg = Release|Any CPU
		{17F5795A-6583-43DA-B4F5-1E583030209F}.Release|Any CPU.Build.0 = Release|Any CPU
		{4180BF81-8975-4A13-9D15-4BE21374BC8F}.Debug|Any CPU.ActiveCfg = Debug|Any CPU
		{4180BF81-8975-4A13-9D15-4BE21374BC8F}.Debug|Any CPU.Build.0 = Debug|Any CPU
		{4180BF81-8975-4A13-9D15-4BE21374BC8F}.Release|Any CPU.ActiveCfg = Release|Any CPU
		{4180BF81-8975-4A13-9D15-4BE21374BC8F}.Release|Any CPU.Build.0 = Release|Any CPU
		{105FFE61-D16E-43F3-9E76-532AEA9A6A29}.Debug|Any CPU.ActiveCfg = Debug|Any CPU
		{105FFE61-D16E-43F3-9E76-532AEA9A6A29}.Debug|Any CPU.Build.0 = Debug|Any CPU
		{105FFE61-D16E-43F3-9E76-532AEA9A6A29}.Release|Any CPU.ActiveCfg = Release|Any CPU
		{105FFE61-D16E-43F3-9E76-532AEA9A6A29}.Release|Any CPU.Build.0 = Release|Any CPU
	EndGlobalSection
	GlobalSection(SolutionProperties) = preSolution
		HideSolutionNode = FALSE
	EndGlobalSection
	GlobalSection(ExtensibilityGlobals) = postSolution
		SolutionGuid = {9BB564BA-E3BA-4B9F-9078-376495FE39B0}
	EndGlobalSection
EndGlobal
